
Microsoft Visual Studio Solution File, Format Version 12.00
# Visual Studio 2015
Project("{FAE04EC0-301F-11D3-BF4B-00C04F79EFBC}") = "Assembly-CSharp", "Assembly-CSharp.csproj", "{68A16C11-971B-6DA3-ACDC-3FAFCB7B691E}"
EndProject
Project("{FAE04EC0-301F-11D3-BF4B-00C04F79EFBC}") = "Assembly-CSharp-firstpass", "Assembly-CSharp-firstpass.csproj", "{FAC749D6-E26F-59DB-B93A-D5C7F11C8A9E}"
EndProject
Project("{FAE04EC0-301F-11D3-BF4B-00C04F79EFBC}") = "Assembly-CSharp-Editor-firstpass", "Assembly-CSharp-Editor-firstpass.csproj", "{401497D3-0BD2-BB38-6907-E025028FE54D}"
EndProject
Global
	GlobalSection(SolutionConfigurationPlatforms) = preSolution
		Debug|Any CPU = Debug|Any CPU
		Release|Any CPU = Release|Any CPU
	EndGlobalSection
	GlobalSection(ProjectConfigurationPlatforms) = postSolution
		{68A16C11-971B-6DA3-ACDC-3FAFCB7B691E}.Debug|Any CPU.ActiveCfg = Debug|Any CPU
		{68A16C11-971B-6DA3-ACDC-3FAFCB7B691E}.Debug|Any CPU.Build.0 = Debug|Any CPU
		{68A16C11-971B-6DA3-ACDC-3FAFCB7B691E}.Release|Any CPU.ActiveCfg = Release|Any CPU
		{68A16C11-971B-6DA3-ACDC-3FAFCB7B691E}.Release|Any CPU.Build.0 = Release|Any CPU
		{FAC749D6-E26F-59DB-B93A-D5C7F11C8A9E}.Debug|Any CPU.ActiveCfg = Debug|Any CPU
		{FAC749D6-E26F-59DB-B93A-D5C7F11C8A9E}.Debug|Any CPU.Build.0 = Debug|Any CPU
		{FAC749D6-E26F-59DB-B93A-D5C7F11C8A9E}.Release|Any CPU.ActiveCfg = Release|Any CPU
		{FAC749D6-E26F-59DB-B93A-D5C7F11C8A9E}.Release|Any CPU.Build.0 = Release|Any CPU
		{401497D3-0BD2-BB38-6907-E025028FE54D}.Debug|Any CPU.ActiveCfg = Debug|Any CPU
		{401497D3-0BD2-BB38-6907-E025028FE54D}.Debug|Any CPU.Build.0 = Debug|Any CPU
		{401497D3-0BD2-BB38-6907-E025028FE54D}.Release|Any CPU.ActiveCfg = Release|Any CPU
		{401497D3-0BD2-BB38-6907-E025028FE54D}.Release|Any CPU.Build.0 = Release|Any CPU
	EndGlobalSection
	GlobalSection(SolutionProperties) = preSolution
		HideSolutionNode = FALSE
	EndGlobalSection
EndGlobal
