
Microsoft Visual Studio Solution File, Format Version 12.00
# Visual Studio Version 16
VisualStudioVersion = 16.0.31105.61
MinimumVisualStudioVersion = 10.0.40219.1
Project("{FAE04EC0-301F-11D3-BF4B-00C04F79EFBC}") = "WindowsFormsApp2", "WindowsFormsApp2\WindowsFormsApp2.csproj", "{DDA49F33-363B-4D50-B32F-5A9222028723}"
EndProject
Project("{FAE04EC0-301F-11D3-BF4B-00C04F79EFBC}") = "WindowsFormsApp1", "..\WindowsFormsApp1\WindowsFormsApp1\WindowsFormsApp1.csproj", "{C5714FE4-0678-4B7E-9E53-FD2AE027B9AC}"
EndProject
Global
	GlobalSection(SolutionConfigurationPlatforms) = preSolution
		Debug|Any CPU = Debug|Any CPU
		Release|Any CPU = Release|Any CPU
	EndGlobalSection
	GlobalSection(ProjectConfigurationPlatforms) = postSolution
		{DDA49F33-363B-4D50-B32F-5A9222028723}.Debug|Any CPU.ActiveCfg = Debug|Any CPU
		{DDA49F33-363B-4D50-B32F-5A9222028723}.Debug|Any CPU.Build.0 = Debug|Any CPU
		{DDA49F33-363B-4D50-B32F-5A9222028723}.Release|Any CPU.ActiveCfg = Release|Any CPU
		{DDA49F33-363B-4D50-B32F-5A9222028723}.Release|Any CPU.Build.0 = Release|Any CPU
		{C5714FE4-0678-4B7E-9E53-FD2AE027B9AC}.Debug|Any CPU.ActiveCfg = Debug|Any CPU
		{C5714FE4-0678-4B7E-9E53-FD2AE027B9AC}.Debug|Any CPU.Build.0 = Debug|Any CPU
		{C5714FE4-0678-4B7E-9E53-FD2AE027B9AC}.Release|Any CPU.ActiveCfg = Release|Any CPU
		{C5714FE4-0678-4B7E-9E53-FD2AE027B9AC}.Release|Any CPU.Build.0 = Release|Any CPU
	EndGlobalSection
	GlobalSection(SolutionProperties) = preSolution
		HideSolutionNode = FALSE
	EndGlobalSection
	GlobalSection(ExtensibilityGlobals) = postSolution
		SolutionGuid = {3062B44A-78E0-4982-A4E3-EBAB4C4A0EEB}
	EndGlobalSection
EndGlobal
