Microsoft Visual Studio Solution File, Format Version 11.00
# Visual Studio 2008

Project("{F6203F70-16DB-0A99-44F2-67927356FD73}") = "Othello", "Assembly-CSharp.csproj", "{E88425E7-8DB3-F7EE-3AC7-7F5A7A72F3E8}"
EndProject
Global
	GlobalSection(SolutionConfigurationPlatforms) = preSolution
		Debug|Any CPU = Debug|Any CPU
		Release|Any CPU = Release|Any CPU
	EndGlobalSection
	GlobalSection(ProjectConfigurationPlatforms) = postSolution
		{E88425E7-8DB3-F7EE-3AC7-7F5A7A72F3E8}.Debug|Any CPU.ActiveCfg = Debug|Any CPU
		{E88425E7-8DB3-F7EE-3AC7-7F5A7A72F3E8}.Debug|Any CPU.Build.0 = Debug|Any CPU
		{E88425E7-8DB3-F7EE-3AC7-7F5A7A72F3E8}.Release|Any CPU.ActiveCfg = Release|Any CPU
		{E88425E7-8DB3-F7EE-3AC7-7F5A7A72F3E8}.Release|Any CPU.Build.0 = Release|Any CPU
	EndGlobalSection
	GlobalSection(SolutionProperties) = preSolution
		HideSolutionNode = FALSE
	EndGlobalSection
	GlobalSection(MonoDevelopProperties) = preSolution
		StartupItem = Assembly-CSharp.csproj
	EndGlobalSection
EndGlobal
